
Microsoft Visual Studio Solution File, Format Version 12.00
# Visual Studio Version 17
VisualStudioVersion = 17.10.35004.147
MinimumVisualStudioVersion = 10.0.40219.1
Project("{FAE04EC0-301F-11D3-BF4B-00C04F79EFBC}") = "MyDemo.PL", "MyDemo.PL\MyDemo.PL.csproj", "{9D192AA5-0C99-42AA-9E4A-5689919988A5}"
EndProject
Project("{FAE04EC0-301F-11D3-BF4B-00C04F79EFBC}") = "MyDemo.DAL", "MyDemo.DAL\MyDemo.DAL.csproj", "{E158ABDE-713F-438A-81C9-63E7E8F0499B}"
EndProject
Project("{FAE04EC0-301F-11D3-BF4B-00C04F79EFBC}") = "MyDemo.BLL", "MyDemo.BLL\MyDemo.BLL.csproj", "{02396CEB-1D73-440D-A68D-CB4E6DDEDC33}"
EndProject
Global
	GlobalSection(SolutionConfigurationPlatforms) = preSolution
		Debug|Any CPU = Debug|Any CPU
		Release|Any CPU = Release|Any CPU
	EndGlobalSection
	GlobalSection(ProjectConfigurationPlatforms) = postSolution
		{9D192AA5-0C99-42AA-9E4A-5689919988A5}.Debug|Any CPU.ActiveCfg = Debug|Any CPU
		{9D192AA5-0C99-42AA-9E4A-5689919988A5}.Debug|Any CPU.Build.0 = Debug|Any CPU
		{9D192AA5-0C99-42AA-9E4A-5689919988A5}.Release|Any CPU.ActiveCfg = Release|Any CPU
		{9D192AA5-0C99-42AA-9E4A-5689919988A5}.Release|Any CPU.Build.0 = Release|Any CPU
		{E158ABDE-713F-438A-81C9-63E7E8F0499B}.Debug|Any CPU.ActiveCfg = Debug|Any CPU
		{E158ABDE-713F-438A-81C9-63E7E8F0499B}.Debug|Any CPU.Build.0 = Debug|Any CPU
		{E158ABDE-713F-438A-81C9-63E7E8F0499B}.Release|Any CPU.ActiveCfg = Release|Any CPU
		{E158ABDE-713F-438A-81C9-63E7E8F0499B}.Release|Any CPU.Build.0 = Release|Any CPU
		{02396CEB-1D73-440D-A68D-CB4E6DDEDC33}.Debug|Any CPU.ActiveCfg = Debug|Any CPU
		{02396CEB-1D73-440D-A68D-CB4E6DDEDC33}.Debug|Any CPU.Build.0 = Debug|Any CPU
		{02396CEB-1D73-440D-A68D-CB4E6DDEDC33}.Release|Any CPU.ActiveCfg = Release|Any CPU
		{02396CEB-1D73-440D-A68D-CB4E6DDEDC33}.Release|Any CPU.Build.0 = Release|Any CPU
	EndGlobalSection
	GlobalSection(SolutionProperties) = preSolution
		HideSolutionNode = FALSE
	EndGlobalSection
	GlobalSection(ExtensibilityGlobals) = postSolution
		SolutionGuid = {7558E582-ECCD-42AF-A406-3DE63E26EC1C}
	EndGlobalSection
EndGlobal
